# This file was autogenerated by Stack.
# You should not edit this file by hand.
# For more information, please see the documentation at:
#   https://docs.haskellstack.org/en/stable/lock_files

packages:
- completed:
    hackage: parsec-3.1.14.0@sha256:9f35f3a6ae66c6e1c22a1b84e62731f1501057791ffb2554f710aa08c7a4d651,4211
    pantry-tree:
      size: 2574
      sha256: c3bb3df367c625daf464cb8b2393001890311d395213620b977a811ba22d3a26
  original:
    hackage: parsec-3.1.14.0
- completed:
    hackage: transformers-0.5.6.2@sha256:6c959d14430f4deffb99579ba019de07c3d852a2122b6f449344386c7d75ff1d,3172
    pantry-tree:
      size: 2512
      sha256: c79246ba7d61392c2f214376fed3c2a05e4b2649b93ec2c849a86493f278ace0
  original:
    hackage: transformers-0.5.6.2
- completed:
    hackage: http-client-0.6.4@sha256:a74b417345857d4250bdb6d4ac7fd4a89fd2ad8efab3164c1a2b843398d5c13a,5320
    pantry-tree:
      size: 2457
      sha256: fe331314b0a8d9e8ce445405831b6e802ab99d57cab1f4d265910cfcd68d3153
  original:
    hackage: http-client-0.6.4
- completed:
    hackage: http-conduit-2.3.7.3@sha256:a1307eb0b31879f4fabfbb3edba490b6b998603caa73425a3ee35a2fd9b47d91,2869
    pantry-tree:
      size: 784
      sha256: fdb29aca67aed3f487e3e22bceffb9fa911a3cb65777ff1a432e16962c84372d
  original:
    hackage: http-conduit-2.3.7.3
- completed:
    hackage: bytestring-0.10.10.0@sha256:06b2e84f1bc9ab71a162c0ca9e88358dd6bbe5cb7fdda2d6d34b6863c367ec95,8944
    pantry-tree:
      size: 2788
      sha256: 0c8345618e3d7440989d5001ff57d01896548195338bf7a70d8453710a43418b
  original:
    hackage: bytestring-0.10.10.0
snapshots:
- completed:
    size: 489011
    url: https://raw.githubusercontent.com/commercialhaskell/stackage-snapshots/master/lts/15/1.yaml
    sha256: d4ecc42b7125d68e4c3c036a08046ad0cd02ae0d9efbe3af2223a00ff8cc16f3
  original: lts-15.1
